
Microsoft Visual Studio Solution File, Format Version 12.00
# Visual Studio Version 16
VisualStudioVersion = 16.0.30804.86
MinimumVisualStudioVersion = 10.0.40219.1
Project("{FAE04EC0-301F-11D3-BF4B-00C04F79EFBC}") = "evtxplore", "evtxplore\evtxplore.csproj", "{D7EA175F-2C22-42F1-BB4E-657F1F036DBB}"
EndProject
Project("{FAE04EC0-301F-11D3-BF4B-00C04F79EFBC}") = "evtxread", "evtxread\evtxread.csproj", "{24C7A263-572E-4070-8EC6-63CF98640FAA}"
EndProject
Global
	GlobalSection(SolutionConfigurationPlatforms) = preSolution
		Debug|Any CPU = Debug|Any CPU
		Release|Any CPU = Release|Any CPU
	EndGlobalSection
	GlobalSection(ProjectConfigurationPlatforms) = postSolution
		{D7EA175F-2C22-42F1-BB4E-657F1F036DBB}.Debug|Any CPU.ActiveCfg = Debug|Any CPU
		{D7EA175F-2C22-42F1-BB4E-657F1F036DBB}.Debug|Any CPU.Build.0 = Debug|Any CPU
		{D7EA175F-2C22-42F1-BB4E-657F1F036DBB}.Release|Any CPU.ActiveCfg = Release|Any CPU
		{D7EA175F-2C22-42F1-BB4E-657F1F036DBB}.Release|Any CPU.Build.0 = Release|Any CPU
		{24C7A263-572E-4070-8EC6-63CF98640FAA}.Debug|Any CPU.ActiveCfg = Debug|Any CPU
		{24C7A263-572E-4070-8EC6-63CF98640FAA}.Debug|Any CPU.Build.0 = Debug|Any CPU
		{24C7A263-572E-4070-8EC6-63CF98640FAA}.Release|Any CPU.ActiveCfg = Release|Any CPU
		{24C7A263-572E-4070-8EC6-63CF98640FAA}.Release|Any CPU.Build.0 = Release|Any CPU
	EndGlobalSection
	GlobalSection(SolutionProperties) = preSolution
		HideSolutionNode = FALSE
	EndGlobalSection
	GlobalSection(ExtensibilityGlobals) = postSolution
		SolutionGuid = {BA64742A-F2AA-4262-AD0C-84C439A5A347}
	EndGlobalSection
EndGlobal
